
Microsoft Visual Studio Solution File, Format Version 12.00
# Visual Studio Version 16
VisualStudioVersion = 16.0.30002.166
MinimumVisualStudioVersion = 10.0.40219.1
Project("{FAE04EC0-301F-11D3-BF4B-00C04F79EFBC}") = "Practice1.WebSite", "Practice1.WebSite\Practice1.WebSite.csproj", "{AE21E730-7AF3-4A65-8F60-1A89948B16E9}"
EndProject
Global
	GlobalSection(SolutionConfigurationPlatforms) = preSolution
		Debug|Any CPU = Debug|Any CPU
		Release|Any CPU = Release|Any CPU
	EndGlobalSection
	GlobalSection(ProjectConfigurationPlatforms) = postSolution
		{AE21E730-7AF3-4A65-8F60-1A89948B16E9}.Debug|Any CPU.ActiveCfg = Debug|Any CPU
		{AE21E730-7AF3-4A65-8F60-1A89948B16E9}.Debug|Any CPU.Build.0 = Debug|Any CPU
		{AE21E730-7AF3-4A65-8F60-1A89948B16E9}.Release|Any CPU.ActiveCfg = Release|Any CPU
		{AE21E730-7AF3-4A65-8F60-1A89948B16E9}.Release|Any CPU.Build.0 = Release|Any CPU
	EndGlobalSection
	GlobalSection(SolutionProperties) = preSolution
		HideSolutionNode = FALSE
	EndGlobalSection
	GlobalSection(ExtensibilityGlobals) = postSolution
		SolutionGuid = {77A97289-CCE6-4794-8EF5-F54D99CDBD94}
	EndGlobalSection
EndGlobal
